
Microsoft Visual Studio Solution File, Format Version 12.00
# Visual Studio Version 17
VisualStudioVersion = 17.4.33103.184
MinimumVisualStudioVersion = 10.0.40219.1
Project("{FAE04EC0-301F-11D3-BF4B-00C04F79EFBC}") = "API_HealthClinic", "API_HealthClinic.csproj", "{B5CC6D4B-6518-4047-B731-82250D3B8DC2}"
EndProject
Global
	GlobalSection(SolutionConfigurationPlatforms) = preSolution
		Debug|Any CPU = Debug|Any CPU
		Release|Any CPU = Release|Any CPU
	EndGlobalSection
	GlobalSection(ProjectConfigurationPlatforms) = postSolution
		{B5CC6D4B-6518-4047-B731-82250D3B8DC2}.Debug|Any CPU.ActiveCfg = Debug|Any CPU
		{B5CC6D4B-6518-4047-B731-82250D3B8DC2}.Debug|Any CPU.Build.0 = Debug|Any CPU
		{B5CC6D4B-6518-4047-B731-82250D3B8DC2}.Release|Any CPU.ActiveCfg = Release|Any CPU
		{B5CC6D4B-6518-4047-B731-82250D3B8DC2}.Release|Any CPU.Build.0 = Release|Any CPU
	EndGlobalSection
	GlobalSection(SolutionProperties) = preSolution
		HideSolutionNode = FALSE
	EndGlobalSection
	GlobalSection(ExtensibilityGlobals) = postSolution
		SolutionGuid = {85C563F3-AAFE-436B-8E9E-8D45206DA6B5}
	EndGlobalSection
EndGlobal
